// !$*UTF8*$!
{
	archiveVersion = 1;
	classes = {
	};
	objectVersion = 46;
	objects = {

/* Begin PBXBuildFile section */
		881925CB14FA3A1D00189ADF /* SenTestingKit.framework in Frameworks */ = {isa = PBXBuildFile; fileRef = 881925CA14FA3A1D00189ADF /* SenTestingKit.framework */; };
		881925D714FA3A1D00189ADF /* InfoPlist.strings in Resources */ = {isa = PBXBuildFile; fileRef = 881925D514FA3A1D00189ADF /* InfoPlist.strings */; };
		881925DA14FA3A1D00189ADF /* JCPriorityQueueTests.m in Sources */ = {isa = PBXBuildFile; fileRef = 881925D914FA3A1D00189ADF /* JCPriorityQueueTests.m */; };
		881925E014FA3A6500189ADF /* JCPriorityQueue.m in Sources */ = {isa = PBXBuildFile; fileRef = 88524AF51442AFDE009243CB /* JCPriorityQueue.m */; };
		881925E314FA3D6100189ADF /* PriotityTestObject.m in Sources */ = {isa = PBXBuildFile; fileRef = 881925E214FA3D6100189ADF /* PriotityTestObject.m */; };
		88C8EEA414FA5E0C00916603 /* Cocoa.framework in Frameworks */ = {isa = PBXBuildFile; fileRef = 88C8EEA314FA5E0C00916603 /* Cocoa.framework */; };
/* End PBXBuildFile section */

/* Begin PBXFileReference section */
		881925C914FA3A1D00189ADF /* Unit Tests.octest */ = {isa = PBXFileReference; explicitFileType = wrapper.cfbundle; includeInIndex = 0; path = "Unit Tests.octest"; sourceTree = BUILT_PRODUCTS_DIR; };
		881925CA14FA3A1D00189ADF /* SenTestingKit.framework */ = {isa = PBXFileReference; lastKnownFileType = wrapper.framework; name = SenTestingKit.framework; path = Library/Frameworks/SenTestingKit.framework; sourceTree = DEVELOPER_DIR; };
		881925D414FA3A1D00189ADF /* Unit Tests-Info.plist */ = {isa = PBXFileReference; lastKnownFileType = text.plist.xml; path = "Unit Tests-Info.plist"; sourceTree = "<group>"; };
		881925D614FA3A1D00189ADF /* en */ = {isa = PBXFileReference; lastKnownFileType = text.plist.strings; name = en; path = en.lproj/InfoPlist.strings; sourceTree = "<group>"; };
		881925D814FA3A1D00189ADF /* JCPriorityQueueTests.h */ = {isa = PBXFileReference; lastKnownFileType = sourcecode.c.h; path = JCPriorityQueueTests.h; sourceTree = "<group>"; };
		881925D914FA3A1D00189ADF /* JCPriorityQueueTests.m */ = {isa = PBXFileReference; lastKnownFileType = sourcecode.c.objc; path = JCPriorityQueueTests.m; sourceTree = "<group>"; };
		881925DB14FA3A1D00189ADF /* Unit Tests-Prefix.pch */ = {isa = PBXFileReference; lastKnownFileType = sourcecode.c.h; path = "Unit Tests-Prefix.pch"; sourceTree = "<group>"; };
		881925E114FA3D6100189ADF /* PriotityTestObject.h */ = {isa = PBXFileReference; fileEncoding = 4; lastKnownFileType = sourcecode.c.h; path = PriotityTestObject.h; sourceTree = "<group>"; };
		881925E214FA3D6100189ADF /* PriotityTestObject.m */ = {isa = PBXFileReference; fileEncoding = 4; lastKnownFileType = sourcecode.c.objc; path = PriotityTestObject.m; sourceTree = "<group>"; };
		88524AE61442AFA6009243CB /* Foundation.framework */ = {isa = PBXFileReference; lastKnownFileType = wrapper.framework; name = Foundation.framework; path = System/Library/Frameworks/Foundation.framework; sourceTree = SDKROOT; };
		88524AF41442AFDE009243CB /* JCPriorityQueue.h */ = {isa = PBXFileReference; fileEncoding = 4; lastKnownFileType = sourcecode.c.h; path = JCPriorityQueue.h; sourceTree = "<group>"; };
		88524AF51442AFDE009243CB /* JCPriorityQueue.m */ = {isa = PBXFileReference; fileEncoding = 4; lastKnownFileType = sourcecode.c.objc; path = JCPriorityQueue.m; sourceTree = "<group>"; };
		88C8EEA314FA5E0C00916603 /* Cocoa.framework */ = {isa = PBXFileReference; lastKnownFileType = wrapper.framework; name = Cocoa.framework; path = System/Library/Frameworks/Cocoa.framework; sourceTree = SDKROOT; };
/* End PBXFileReference section */

/* Begin PBXFrameworksBuildPhase section */
		881925C514FA3A1D00189ADF /* Frameworks */ = {
			isa = PBXFrameworksBuildPhase;
			buildActionMask = 2147483647;
			files = (
				88C8EEA414FA5E0C00916603 /* Cocoa.framework in Frameworks */,
				881925CB14FA3A1D00189ADF /* SenTestingKit.framework in Frameworks */,
			);
			runOnlyForDeploymentPostprocessing = 0;
		};
/* End PBXFrameworksBuildPhase section */

/* Begin PBXGroup section */
		881925D214FA3A1D00189ADF /* Unit Tests */ = {
			isa = PBXGroup;
			children = (
				881925D814FA3A1D00189ADF /* JCPriorityQueueTests.h */,
				881925D914FA3A1D00189ADF /* JCPriorityQueueTests.m */,
				881925D314FA3A1D00189ADF /* Supporting Files */,
			);
			path = "Unit Tests";
			sourceTree = "<group>";
		};
		881925D314FA3A1D00189ADF /* Supporting Files */ = {
			isa = PBXGroup;
			children = (
				881925E114FA3D6100189ADF /* PriotityTestObject.h */,
				881925E214FA3D6100189ADF /* PriotityTestObject.m */,
				881925D414FA3A1D00189ADF /* Unit Tests-Info.plist */,
				881925D514FA3A1D00189ADF /* InfoPlist.strings */,
				881925DB14FA3A1D00189ADF /* Unit Tests-Prefix.pch */,
			);
			name = "Supporting Files";
			sourceTree = "<group>";
		};
		88524AD71442AFA6009243CB = {
			isa = PBXGroup;
			children = (
				88524AE81442AFA6009243CB /* JCPriorityQueue */,
				881925D214FA3A1D00189ADF /* Unit Tests */,
				88524AE51442AFA6009243CB /* Frameworks */,
				88524AE31442AFA6009243CB /* Products */,
			);
			sourceTree = "<group>";
		};
		88524AE31442AFA6009243CB /* Products */ = {
			isa = PBXGroup;
			children = (
				881925C914FA3A1D00189ADF /* Unit Tests.octest */,
			);
			name = Products;
			sourceTree = "<group>";
		};
		88524AE51442AFA6009243CB /* Frameworks */ = {
			isa = PBXGroup;
			children = (
				88C8EEA314FA5E0C00916603 /* Cocoa.framework */,
				88524AE61442AFA6009243CB /* Foundation.framework */,
				881925CA14FA3A1D00189ADF /* SenTestingKit.framework */,
			);
			name = Frameworks;
			sourceTree = "<group>";
		};
		88524AE81442AFA6009243CB /* JCPriorityQueue */ = {
			isa = PBXGroup;
			children = (
				88524AF41442AFDE009243CB /* JCPriorityQueue.h */,
				88524AF51442AFDE009243CB /* JCPriorityQueue.m */,
			);
			path = JCPriorityQueue;
			sourceTree = "<group>";
		};
/* End PBXGroup section */

/* Begin PBXNativeTarget section */
		881925C814FA3A1D00189ADF /* Unit Tests */ = {
			isa = PBXNativeTarget;
			buildConfigurationList = 881925DE14FA3A1D00189ADF /* Build configuration list for PBXNativeTarget "Unit Tests" */;
			buildPhases = (
				881925C414FA3A1D00189ADF /* Sources */,
				881925C514FA3A1D00189ADF /* Frameworks */,
				881925C614FA3A1D00189ADF /* Resources */,
				881925C714FA3A1D00189ADF /* ShellScript */,
			);
			buildRules = (
			);
			dependencies = (
			);
			name = "Unit Tests";
			productName = "Unit Tests";
			productReference = 881925C914FA3A1D00189ADF /* Unit Tests.octest */;
			productType = "com.apple.product-type.bundle";
		};
/* End PBXNativeTarget section */

/* Begin PBXProject section */
		88524AD91442AFA6009243CB /* Project object */ = {
			isa = PBXProject;
			attributes = {
				LastUpgradeCheck = 0420;
				ORGANIZATIONNAME = "JC Multimedia Design";
			};
			buildConfigurationList = 88524ADC1442AFA6009243CB /* Build configuration list for PBXProject "JCPriorityQueue" */;
			compatibilityVersion = "Xcode 3.2";
			developmentRegion = English;
			hasScannedForEncodings = 0;
			knownRegions = (
				en,
			);
			mainGroup = 88524AD71442AFA6009243CB;
			productRefGroup = 88524AE31442AFA6009243CB /* Products */;
			projectDirPath = "";
			projectRoot = "";
			targets = (
				881925C814FA3A1D00189ADF /* Unit Tests */,
			);
		};
/* End PBXProject section */

/* Begin PBXResourcesBuildPhase section */
		881925C614FA3A1D00189ADF /* Resources */ = {
			isa = PBXResourcesBuildPhase;
			buildActionMask = 2147483647;
			files = (
				881925D714FA3A1D00189ADF /* InfoPlist.strings in Resources */,
			);
			runOnlyForDeploymentPostprocessing = 0;
		};
/* End PBXResourcesBuildPhase section */

/* Begin PBXShellScriptBuildPhase section */
		881925C714FA3A1D00189ADF /* ShellScript */ = {
			isa = PBXShellScriptBuildPhase;
			buildActionMask = 2147483647;
			files = (
			);
			inputPaths = (
			);
			outputPaths = (
			);
			runOnlyForDeploymentPostprocessing = 0;
			shellPath = /bin/sh;
			shellScript = "# Run the unit tests in this test bundle.\n\"${SYSTEM_DEVELOPER_DIR}/Tools/RunUnitTests\"\n";
		};
/* End PBXShellScriptBuildPhase section */

/* Begin PBXSourcesBuildPhase section */
		881925C414FA3A1D00189ADF /* Sources */ = {
			isa = PBXSourcesBuildPhase;
			buildActionMask = 2147483647;
			files = (
				881925DA14FA3A1D00189ADF /* JCPriorityQueueTests.m in Sources */,
				881925E014FA3A6500189ADF /* JCPriorityQueue.m in Sources */,
				881925E314FA3D6100189ADF /* PriotityTestObject.m in Sources */,
			);
			runOnlyForDeploymentPostprocessing = 0;
		};
/* End PBXSourcesBuildPhase section */

/* Begin PBXVariantGroup section */
		881925D514FA3A1D00189ADF /* InfoPlist.strings */ = {
			isa = PBXVariantGroup;
			children = (
				881925D614FA3A1D00189ADF /* en */,
			);
			name = InfoPlist.strings;
			sourceTree = "<group>";
		};
/* End PBXVariantGroup section */

/* Begin XCBuildConfiguration section */
		881925DC14FA3A1D00189ADF /* Debug */ = {
			isa = XCBuildConfiguration;
			buildSettings = {
				ARCHS = "$(ARCHS_STANDARD_64_BIT)";
				FRAMEWORK_SEARCH_PATHS = "$(DEVELOPER_LIBRARY_DIR)/Frameworks";
				GCC_PRECOMPILE_PREFIX_HEADER = YES;
				GCC_PREFIX_HEADER = "Unit Tests/Unit Tests-Prefix.pch";
				GCC_WARN_UNINITIALIZED_AUTOS = YES;
				INFOPLIST_FILE = "Unit Tests/Unit Tests-Info.plist";
				PRODUCT_NAME = "$(TARGET_NAME)";
				WRAPPER_EXTENSION = octest;
			};
			name = Debug;
		};
		881925DD14FA3A1D00189ADF /* Release */ = {
			isa = XCBuildConfiguration;
			buildSettings = {
				ARCHS = "$(ARCHS_STANDARD_64_BIT)";
				FRAMEWORK_SEARCH_PATHS = "$(DEVELOPER_LIBRARY_DIR)/Frameworks";
				GCC_PRECOMPILE_PREFIX_HEADER = YES;
				GCC_PREFIX_HEADER = "Unit Tests/Unit Tests-Prefix.pch";
				GCC_WARN_UNINITIALIZED_AUTOS = YES;
				INFOPLIST_FILE = "Unit Tests/Unit Tests-Info.plist";
				PRODUCT_NAME = "$(TARGET_NAME)";
				WRAPPER_EXTENSION = octest;
			};
			name = Release;
		};
		88524AEF1442AFA6009243CB /* Debug */ = {
			isa = XCBuildConfiguration;
			buildSettings = {
				ALWAYS_SEARCH_USER_PATHS = NO;
				ARCHS = "$(NATIVE_ARCH_ACTUAL)";
				CLANG_ENABLE_OBJC_ARC = YES;
				COPY_PHASE_STRIP = NO;
				GCC_C_LANGUAGE_STANDARD = gnu99;
				GCC_DYNAMIC_NO_PIC = NO;
				GCC_ENABLE_OBJC_EXCEPTIONS = YES;
				GCC_OPTIMIZATION_LEVEL = 0;
				GCC_PREPROCESSOR_DEFINITIONS = (
					"DEBUG=1",
					"$(inherited)",
				);
				GCC_SYMBOLS_PRIVATE_EXTERN = NO;
				GCC_VERSION = com.apple.compilers.llvm.clang.1_0;
				GCC_WARN_64_TO_32_BIT_CONVERSION = YES;
				GCC_WARN_ABOUT_MISSING_PROTOTYPES = YES;
				GCC_WARN_ABOUT_RETURN_TYPE = YES;
				GCC_WARN_UNUSED_VARIABLE = YES;
				MACOSX_DEPLOYMENT_TARGET = 10.7;
				ONLY_ACTIVE_ARCH = YES;
				SDKROOT = macosx;
			};
			name = Debug;
		};
		88524AF01442AFA6009243CB /* Release */ = {
			isa = XCBuildConfiguration;
			buildSettings = {
				ALWAYS_SEARCH_USER_PATHS = NO;
				ARCHS = "$(NATIVE_ARCH_ACTUAL)";
				CLANG_ENABLE_OBJC_ARC = YES;
				COPY_PHASE_STRIP = YES;
				DEBUG_INFORMATION_FORMAT = "dwarf-with-dsym";
				GCC_C_LANGUAGE_STANDARD = gnu99;
				GCC_ENABLE_OBJC_EXCEPTIONS = YES;
				GCC_VERSION = com.apple.compilers.llvm.clang.1_0;
				GCC_WARN_64_TO_32_BIT_CONVERSION = YES;
				GCC_WARN_ABOUT_MISSING_PROTOTYPES = YES;
				GCC_WARN_ABOUT_RETURN_TYPE = YES;
				GCC_WARN_UNUSED_VARIABLE = YES;
				MACOSX_DEPLOYMENT_TARGET = 10.7;
				SDKROOT = macosx;
			};
			name = Release;
		};
/* End XCBuildConfiguration section */

/* Begin XCConfigurationList section */
		881925DE14FA3A1D00189ADF /* Build configuration list for PBXNativeTarget "Unit Tests" */ = {
			isa = XCConfigurationList;
			buildConfigurations = (
				881925DC14FA3A1D00189ADF /* Debug */,
				881925DD14FA3A1D00189ADF /* Release */,
			);
			defaultConfigurationIsVisible = 0;
			defaultConfigurationName = Release;
		};
		88524ADC1442AFA6009243CB /* Build configuration list for PBXProject "JCPriorityQueue" */ = {
			isa = XCConfigurationList;
			buildConfigurations = (
				88524AEF1442AFA6009243CB /* Debug */,
				88524AF01442AFA6009243CB /* Release */,
			);
			defaultConfigurationIsVisible = 0;
			defaultConfigurationName = Release;
		};
/* End XCConfigurationList section */
	};
	rootObject = 88524AD91442AFA6009243CB /* Project object */;
}
